
Microsoft Visual Studio Solution File, Format Version 12.00
# Visual Studio Version 16
VisualStudioVersion = 16.0.34031.81
MinimumVisualStudioVersion = 10.0.40219.1
Project("{2150E333-8FDC-42A3-9474-1A3956D46DE8}") = "Task0", "Task0", "{A2EF8079-9BC8-465F-B5B9-D5E5160EE46E}"
EndProject
Project("{FAE04EC0-301F-11D3-BF4B-00C04F79EFBC}") = "Tyuiu.GaleevTS.Sprint4.Task0.V8", "Tyuiu.GaleevTS.Sprint4.Task0.V8\Tyuiu.GaleevTS.Sprint4.Task0.V8.csproj", "{ED6C76F6-06A3-4C14-B6F0-325C3A3C30DC}"
EndProject
Project("{FAE04EC0-301F-11D3-BF4B-00C04F79EFBC}") = "Tyuiu.GaleevTS.Sprint4.Task0.V8.Lib", "Tyuiu.GaleevTS.Sprint4.Task0.V8.Lib\Tyuiu.GaleevTS.Sprint4.Task0.V8.Lib.csproj", "{D7D0D5E5-0C5E-425F-A1EF-D15D48FBC6D6}"
EndProject
Project("{FAE04EC0-301F-11D3-BF4B-00C04F79EFBC}") = "Tyuiu.GaleevTS.Sprint4.Task0.V8.Test", "Tyuiu.GaleevTS.Sprint4.Task0.V8.Test\Tyuiu.GaleevTS.Sprint4.Task0.V8.Test.csproj", "{A1E3D095-A35A-4A6A-9114-6C852F72A5E6}"
EndProject
Project("{2150E333-8FDC-42A3-9474-1A3956D46DE8}") = "Task1", "Task1", "{E87D383B-EF0A-4FFD-BEF0-DC85E1BA5EBD}"
EndProject
Project("{FAE04EC0-301F-11D3-BF4B-00C04F79EFBC}") = "Tyuiu.GaleevTS.Sprint4.Task1.V25", "Tyuiu.GaleevTS.Sprint4.Task1.V25\Tyuiu.GaleevTS.Sprint4.Task1.V25.csproj", "{EEDE9F82-ABFB-4740-B155-6C9DBDEDDB58}"
EndProject
Project("{FAE04EC0-301F-11D3-BF4B-00C04F79EFBC}") = "Tyuiu.GaleevTS.Sprint4.Task1.V25.Lib", "Tyuiu.GaleevTS.Sprint4.Task1.V25.Lib\Tyuiu.GaleevTS.Sprint4.Task1.V25.Lib.csproj", "{444E68E3-6DDD-4D58-AFE2-176C8C1D78AD}"
EndProject
Project("{FAE04EC0-301F-11D3-BF4B-00C04F79EFBC}") = "Tyuiu.GaleevTS.Sprint4.Task1.V25.Test", "Tyuiu.GaleevTS.Sprint4.Task1.V25.Test\Tyuiu.GaleevTS.Sprint4.Task1.V25.Test.csproj", "{63C2EFF6-7B52-447D-946C-83B95CB7462A}"
EndProject
Project("{2150E333-8FDC-42A3-9474-1A3956D46DE8}") = "Task2", "Task2", "{E5950BF5-64F7-44EE-A3E4-3446DE7E865C}"
EndProject
Project("{FAE04EC0-301F-11D3-BF4B-00C04F79EFBC}") = "Tyuiu.GaleevTS.Sprint4.Task2.V26", "Tyuiu.GaleevTS.Sprint4.Task2.V26\Tyuiu.GaleevTS.Sprint4.Task2.V26.csproj", "{EF3F2BB2-B291-4178-9C35-2E538402B7C4}"
EndProject
Project("{FAE04EC0-301F-11D3-BF4B-00C04F79EFBC}") = "Tyuiu.GaleevTS.Sprint4.Task2.V26.Lib", "Tyuiu.GaleevTS.Sprint4.Task2.V26.Lib\Tyuiu.GaleevTS.Sprint4.Task2.V26.Lib.csproj", "{58DC82B1-E853-4B13-9AD1-03F0BD6EA57F}"
EndProject
Project("{FAE04EC0-301F-11D3-BF4B-00C04F79EFBC}") = "Tyuiu.GaleevTS.Sprint4.Task2.V26.Test", "Tyuiu.GaleevTS.Sprint4.Task2.V26.Test\Tyuiu.GaleevTS.Sprint4.Task2.V26.Test.csproj", "{9227A918-E225-45AA-AE53-F89B190620CD}"
EndProject
Global
	GlobalSection(SolutionConfigurationPlatforms) = preSolution
		Debug|Any CPU = Debug|Any CPU
		Release|Any CPU = Release|Any CPU
	EndGlobalSection
	GlobalSection(ProjectConfigurationPlatforms) = postSolution
		{ED6C76F6-06A3-4C14-B6F0-325C3A3C30DC}.Debug|Any CPU.ActiveCfg = Debug|Any CPU
		{ED6C76F6-06A3-4C14-B6F0-325C3A3C30DC}.Debug|Any CPU.Build.0 = Debug|Any CPU
		{ED6C76F6-06A3-4C14-B6F0-325C3A3C30DC}.Release|Any CPU.ActiveCfg = Release|Any CPU
		{ED6C76F6-06A3-4C14-B6F0-325C3A3C30DC}.Release|Any CPU.Build.0 = Release|Any CPU
		{D7D0D5E5-0C5E-425F-A1EF-D15D48FBC6D6}.Debug|Any CPU.ActiveCfg = Debug|Any CPU
		{D7D0D5E5-0C5E-425F-A1EF-D15D48FBC6D6}.Debug|Any CPU.Build.0 = Debug|Any CPU
		{D7D0D5E5-0C5E-425F-A1EF-D15D48FBC6D6}.Release|Any CPU.ActiveCfg = Release|Any CPU
		{D7D0D5E5-0C5E-425F-A1EF-D15D48FBC6D6}.Release|Any CPU.Build.0 = Release|Any CPU
		{A1E3D095-A35A-4A6A-9114-6C852F72A5E6}.Debug|Any CPU.ActiveCfg = Debug|Any CPU
		{A1E3D095-A35A-4A6A-9114-6C852F72A5E6}.Debug|Any CPU.Build.0 = Debug|Any CPU
		{A1E3D095-A35A-4A6A-9114-6C852F72A5E6}.Release|Any CPU.ActiveCfg = Release|Any CPU
		{A1E3D095-A35A-4A6A-9114-6C852F72A5E6}.Release|Any CPU.Build.0 = Release|Any CPU
		{EEDE9F82-ABFB-4740-B155-6C9DBDEDDB58}.Debug|Any CPU.ActiveCfg = Debug|Any CPU
		{EEDE9F82-ABFB-4740-B155-6C9DBDEDDB58}.Debug|Any CPU.Build.0 = Debug|Any CPU
		{EEDE9F82-ABFB-4740-B155-6C9DBDEDDB58}.Release|Any CPU.ActiveCfg = Release|Any CPU
		{EEDE9F82-ABFB-4740-B155-6C9DBDEDDB58}.Release|Any CPU.Build.0 = Release|Any CPU
		{444E68E3-6DDD-4D58-AFE2-176C8C1D78AD}.Debug|Any CPU.ActiveCfg = Debug|Any CPU
		{444E68E3-6DDD-4D58-AFE2-176C8C1D78AD}.Debug|Any CPU.Build.0 = Debug|Any CPU
		{444E68E3-6DDD-4D58-AFE2-176C8C1D78AD}.Release|Any CPU.ActiveCfg = Release|Any CPU
		{444E68E3-6DDD-4D58-AFE2-176C8C1D78AD}.Release|Any CPU.Build.0 = Release|Any CPU
		{63C2EFF6-7B52-447D-946C-83B95CB7462A}.Debug|Any CPU.ActiveCfg = Debug|Any CPU
		{63C2EFF6-7B52-447D-946C-83B95CB7462A}.Debug|Any CPU.Build.0 = Debug|Any CPU
		{63C2EFF6-7B52-447D-946C-83B95CB7462A}.Release|Any CPU.ActiveCfg = Release|Any CPU
		{63C2EFF6-7B52-447D-946C-83B95CB7462A}.Release|Any CPU.Build.0 = Release|Any CPU
		{EF3F2BB2-B291-4178-9C35-2E538402B7C4}.Debug|Any CPU.ActiveCfg = Debug|Any CPU
		{EF3F2BB2-B291-4178-9C35-2E538402B7C4}.Debug|Any CPU.Build.0 = Debug|Any CPU
		{EF3F2BB2-B291-4178-9C35-2E538402B7C4}.Release|Any CPU.ActiveCfg = Release|Any CPU
		{EF3F2BB2-B291-4178-9C35-2E538402B7C4}.Release|Any CPU.Build.0 = Release|Any CPU
		{58DC82B1-E853-4B13-9AD1-03F0BD6EA57F}.Debug|Any CPU.ActiveCfg = Debug|Any CPU
		{58DC82B1-E853-4B13-9AD1-03F0BD6EA57F}.Debug|Any CPU.Build.0 = Debug|Any CPU
		{58DC82B1-E853-4B13-9AD1-03F0BD6EA57F}.Release|Any CPU.ActiveCfg = Release|Any CPU
		{58DC82B1-E853-4B13-9AD1-03F0BD6EA57F}.Release|Any CPU.Build.0 = Release|Any CPU
		{9227A918-E225-45AA-AE53-F89B190620CD}.Debug|Any CPU.ActiveCfg = Debug|Any CPU
		{9227A918-E225-45AA-AE53-F89B190620CD}.Debug|Any CPU.Build.0 = Debug|Any CPU
		{9227A918-E225-45AA-AE53-F89B190620CD}.Release|Any CPU.ActiveCfg = Release|Any CPU
		{9227A918-E225-45AA-AE53-F89B190620CD}.Release|Any CPU.Build.0 = Release|Any CPU
	EndGlobalSection
	GlobalSection(SolutionProperties) = preSolution
		HideSolutionNode = FALSE
	EndGlobalSection
	GlobalSection(NestedProjects) = preSolution
		{ED6C76F6-06A3-4C14-B6F0-325C3A3C30DC} = {A2EF8079-9BC8-465F-B5B9-D5E5160EE46E}
		{D7D0D5E5-0C5E-425F-A1EF-D15D48FBC6D6} = {A2EF8079-9BC8-465F-B5B9-D5E5160EE46E}
		{A1E3D095-A35A-4A6A-9114-6C852F72A5E6} = {A2EF8079-9BC8-465F-B5B9-D5E5160EE46E}
		{EEDE9F82-ABFB-4740-B155-6C9DBDEDDB58} = {E87D383B-EF0A-4FFD-BEF0-DC85E1BA5EBD}
		{444E68E3-6DDD-4D58-AFE2-176C8C1D78AD} = {E87D383B-EF0A-4FFD-BEF0-DC85E1BA5EBD}
		{63C2EFF6-7B52-447D-946C-83B95CB7462A} = {E87D383B-EF0A-4FFD-BEF0-DC85E1BA5EBD}
		{EF3F2BB2-B291-4178-9C35-2E538402B7C4} = {E5950BF5-64F7-44EE-A3E4-3446DE7E865C}
		{58DC82B1-E853-4B13-9AD1-03F0BD6EA57F} = {E5950BF5-64F7-44EE-A3E4-3446DE7E865C}
		{9227A918-E225-45AA-AE53-F89B190620CD} = {E5950BF5-64F7-44EE-A3E4-3446DE7E865C}
	EndGlobalSection
	GlobalSection(ExtensibilityGlobals) = postSolution
		SolutionGuid = {DA7CE73B-EF5A-4E91-B9FF-338E784F43D4}
	EndGlobalSection
EndGlobal
